
Microsoft Visual Studio Solution File, Format Version 12.00
# Visual Studio Version 16
VisualStudioVersion = 16.0.31025.194
MinimumVisualStudioVersion = 10.0.40219.1
Project("{9A19103F-16F7-4668-BE54-9A1E7A4F7556}") = "ObjectCounting", "ObjectCountingRaspi\ObjectCounting.csproj", "{15AA8D7F-B007-4A3A-BD32-28B4C3169ACB}"
EndProject
Project("{FAE04EC0-301F-11D3-BF4B-00C04F79EFBC}") = "HubObjectCounting", "..\HubObjectCounting\HubObjectCounting.csproj", "{7AC7A4D6-58B6-4F83-A545-643BD8B95B87}"
EndProject
Global
	GlobalSection(SolutionConfigurationPlatforms) = preSolution
		Debug|Any CPU = Debug|Any CPU
		Release|Any CPU = Release|Any CPU
	EndGlobalSection
	GlobalSection(ProjectConfigurationPlatforms) = postSolution
		{15AA8D7F-B007-4A3A-BD32-28B4C3169ACB}.Debug|Any CPU.ActiveCfg = Debug|Any CPU
		{15AA8D7F-B007-4A3A-BD32-28B4C3169ACB}.Debug|Any CPU.Build.0 = Debug|Any CPU
		{15AA8D7F-B007-4A3A-BD32-28B4C3169ACB}.Release|Any CPU.ActiveCfg = Release|Any CPU
		{15AA8D7F-B007-4A3A-BD32-28B4C3169ACB}.Release|Any CPU.Build.0 = Release|Any CPU
		{7AC7A4D6-58B6-4F83-A545-643BD8B95B87}.Debug|Any CPU.ActiveCfg = Debug|Any CPU
		{7AC7A4D6-58B6-4F83-A545-643BD8B95B87}.Debug|Any CPU.Build.0 = Debug|Any CPU
		{7AC7A4D6-58B6-4F83-A545-643BD8B95B87}.Release|Any CPU.ActiveCfg = Release|Any CPU
		{7AC7A4D6-58B6-4F83-A545-643BD8B95B87}.Release|Any CPU.Build.0 = Release|Any CPU
	EndGlobalSection
	GlobalSection(SolutionProperties) = preSolution
		HideSolutionNode = FALSE
	EndGlobalSection
	GlobalSection(ExtensibilityGlobals) = postSolution
		SolutionGuid = {7DAD7186-CC11-4D55-8736-58D370B853F7}
	EndGlobalSection
EndGlobal
