
Microsoft Visual Studio Solution File, Format Version 12.00
# Visual Studio Version 16
VisualStudioVersion = 16.0.31005.135
MinimumVisualStudioVersion = 10.0.40219.1
Project("{9A19103F-16F7-4668-BE54-9A1E7A4F7556}") = "ObjectCounting", "ObjectCounting\ObjectCounting.csproj", "{08F3FAFF-1335-46BB-A632-32258EAA0F6F}"
EndProject
Project("{9A19103F-16F7-4668-BE54-9A1E7A4F7556}") = "HubObjectCounting", "HubObjectCounting\HubObjectCounting.csproj", "{4C3776CD-94A9-4A5C-9701-D905E61D1BD5}"
EndProject
Global
	GlobalSection(SolutionConfigurationPlatforms) = preSolution
		Debug|Any CPU = Debug|Any CPU
		Release|Any CPU = Release|Any CPU
	EndGlobalSection
	GlobalSection(ProjectConfigurationPlatforms) = postSolution
		{08F3FAFF-1335-46BB-A632-32258EAA0F6F}.Debug|Any CPU.ActiveCfg = Debug|Any CPU
		{08F3FAFF-1335-46BB-A632-32258EAA0F6F}.Debug|Any CPU.Build.0 = Debug|Any CPU
		{08F3FAFF-1335-46BB-A632-32258EAA0F6F}.Release|Any CPU.ActiveCfg = Release|Any CPU
		{08F3FAFF-1335-46BB-A632-32258EAA0F6F}.Release|Any CPU.Build.0 = Release|Any CPU
		{4C3776CD-94A9-4A5C-9701-D905E61D1BD5}.Debug|Any CPU.ActiveCfg = Debug|Any CPU
		{4C3776CD-94A9-4A5C-9701-D905E61D1BD5}.Debug|Any CPU.Build.0 = Debug|Any CPU
		{4C3776CD-94A9-4A5C-9701-D905E61D1BD5}.Release|Any CPU.ActiveCfg = Release|Any CPU
		{4C3776CD-94A9-4A5C-9701-D905E61D1BD5}.Release|Any CPU.Build.0 = Release|Any CPU
	EndGlobalSection
	GlobalSection(SolutionProperties) = preSolution
		HideSolutionNode = FALSE
	EndGlobalSection
	GlobalSection(ExtensibilityGlobals) = postSolution
		SolutionGuid = {2751D7B5-C08E-4B5B-BAA8-C7ACA0D49FAE}
	EndGlobalSection
EndGlobal
