
Microsoft Visual Studio Solution File, Format Version 12.00
# Visual Studio Version 16
VisualStudioVersion = 16.0.31005.135
MinimumVisualStudioVersion = 10.0.40219.1
Project("{9A19103F-16F7-4668-BE54-9A1E7A4F7556}") = "ObjectCounting", "..\ObjectCounting\ObjectCounting.csproj", "{AD0EAC36-99E2-44CD-BF56-0E8BC99227C3}"
EndProject
Global
	GlobalSection(SolutionConfigurationPlatforms) = preSolution
		Debug|Any CPU = Debug|Any CPU
		Release|Any CPU = Release|Any CPU
	EndGlobalSection
	GlobalSection(ProjectConfigurationPlatforms) = postSolution
		{AD0EAC36-99E2-44CD-BF56-0E8BC99227C3}.Debug|Any CPU.ActiveCfg = Debug|Any CPU
		{AD0EAC36-99E2-44CD-BF56-0E8BC99227C3}.Debug|Any CPU.Build.0 = Debug|Any CPU
		{AD0EAC36-99E2-44CD-BF56-0E8BC99227C3}.Release|Any CPU.ActiveCfg = Release|Any CPU
		{AD0EAC36-99E2-44CD-BF56-0E8BC99227C3}.Release|Any CPU.Build.0 = Release|Any CPU
	EndGlobalSection
	GlobalSection(SolutionProperties) = preSolution
		HideSolutionNode = FALSE
	EndGlobalSection
	GlobalSection(ExtensibilityGlobals) = postSolution
		SolutionGuid = {2751D7B5-C08E-4B5B-BAA8-C7ACA0D49FAE}
	EndGlobalSection
EndGlobal
